PODS:
  - Alamofire (5.1.0)
  - Charts (3.5.0):
    - Charts/Core (= 3.5.0)
  - Charts/Core (3.5.0)
  - SwiftyJSON (5.0.0)

DEPENDENCIES:
  - Alamofire (~> 5.0)
  - Charts
  - SwiftyJSON

SPEC REPOS:
  trunk:
    - Alamofire
    - Charts
    - SwiftyJSON

SPEC CHECKSUMS:
  Alamofire: 9d5c5f602928e512395b30950c5984eca840093c
  Charts: 40a08591df1f8ad5c223ddedfb1a06da92f24f7c
  SwiftyJSON: 36413e04c44ee145039d332b4f4e2d3e8d6c4db7

PODFILE CHECKSUM: 81d02a907bd14fc8b62751cb59fede293dc6ae79

COCOAPODS: 1.9.0
